// !$*UTF8*$!
{
	archiveVersion = 1;
	classes = {
	};
	objectVersion = 55;
	objects = {

/* Begin PBXBuildFile section */
		11A112BB28BF1ACD00D9229E /* StartView.swift in Sources */ = {isa = PBXBuildFile; fileRef = 11A112BA28BF1ACD00D9229E /* StartView.swift */; };
		11A112BD28BF1BD300D9229E /* SplashScreenView.swift in Sources */ = {isa = PBXBuildFile; fileRef = 11A112BC28BF1BD300D9229E /* SplashScreenView.swift */; };
		E7155DD228A6B0A10006610C /* CourseModel.swift in Sources */ = {isa = PBXBuildFile; fileRef = E7155DD128A6B0A10006610C /* CourseModel.swift */; };
		E7155DD428A6B1590006610C /* CourseView.swift in Sources */ = {isa = PBXBuildFile; fileRef = E7155DD328A6B1590006610C /* CourseView.swift */; };
		E7155DD628A6B33A0006610C /* CourseViewModel.swift in Sources */ = {isa = PBXBuildFile; fileRef = E7155DD528A6B33A0006610C /* CourseViewModel.swift */; };
		E7947C3728A02297007A8DB7 /* School_TimeTableApp.swift in Sources */ = {isa = PBXBuildFile; fileRef = E7947C3628A02297007A8DB7 /* School_TimeTableApp.swift */; };
		E7947C3928A02297007A8DB7 /* ContentView.swift in Sources */ = {isa = PBXBuildFile; fileRef = E7947C3828A02297007A8DB7 /* ContentView.swift */; };
		E7947C3B28A02298007A8DB7 /* Assets.xcassets in Resources */ = {isa = PBXBuildFile; fileRef = E7947C3A28A02298007A8DB7 /* Assets.xcassets */; };
		E7947C3E28A02298007A8DB7 /* Preview Assets.xcassets in Resources */ = {isa = PBXBuildFile; fileRef = E7947C3D28A02298007A8DB7 /* Preview Assets.xcassets */; };
		E79663CA28A970080045AE44 /* EditingSheetView.swift in Sources */ = {isa = PBXBuildFile; fileRef = E79663C928A970080045AE44 /* EditingSheetView.swift */; };
/* End PBXBuildFile section */

/* Begin PBXFileReference section */
		11A112BA28BF1ACD00D9229E /* StartView.swift */ = {isa = PBXFileReference; lastKnownFileType = sourcecode.swift; path = StartView.swift; sourceTree = SOURCE_ROOT; };
		11A112BC28BF1BD300D9229E /* SplashScreenView.swift */ = {isa = PBXFileReference; lastKnownFileType = sourcecode.swift; path = SplashScreenView.swift; sourceTree = SOURCE_ROOT; };
		E7155DD128A6B0A10006610C /* CourseModel.swift */ = {isa = PBXFileReference; lastKnownFileType = sourcecode.swift; path = CourseModel.swift; sourceTree = "<group>"; };
		E7155DD328A6B1590006610C /* CourseView.swift */ = {isa = PBXFileReference; lastKnownFileType = sourcecode.swift; path = CourseView.swift; sourceTree = "<group>"; };
		E7155DD528A6B33A0006610C /* CourseViewModel.swift */ = {isa = PBXFileReference; lastKnownFileType = sourcecode.swift; path = CourseViewModel.swift; sourceTree = "<group>"; };
		E7947C3328A02297007A8DB7 /* School_TimeTable.app */ = {isa = PBXFileReference; explicitFileType = wrapper.application; includeInIndex = 0; path = School_TimeTable.app; sourceTree = BUILT_PRODUCTS_DIR; };
		E7947C3628A02297007A8DB7 /* School_TimeTableApp.swift */ = {isa = PBXFileReference; lastKnownFileType = sourcecode.swift; path = School_TimeTableApp.swift; sourceTree = "<group>"; };
		E7947C3828A02297007A8DB7 /* ContentView.swift */ = {isa = PBXFileReference; lastKnownFileType = sourcecode.swift; path = ContentView.swift; sourceTree = "<group>"; };
		E7947C3A28A02298007A8DB7 /* Assets.xcassets */ = {isa = PBXFileReference; lastKnownFileType = folder.assetcatalog; path = Assets.xcassets; sourceTree = "<group>"; };
		E7947C3D28A02298007A8DB7 /* Preview Assets.xcassets */ = {isa = PBXFileReference; lastKnownFileType = folder.assetcatalog; path = "Preview Assets.xcassets"; sourceTree = "<group>"; };
		E79663C928A970080045AE44 /* EditingSheetView.swift */ = {isa = PBXFileReference; lastKnownFileType = sourcecode.swift; path = EditingSheetView.swift; sourceTree = "<group>"; };
/* End PBXFileReference section */

/* Begin PBXFrameworksBuildPhase section */
		E7947C3028A02297007A8DB7 /* Frameworks */ = {
			isa = PBXFrameworksBuildPhase;
			buildActionMask = 2147483647;
			files = (
			);
			runOnlyForDeploymentPostprocessing = 0;
		};
/* End PBXFrameworksBuildPhase section */

/* Begin PBXGroup section */
		E7947C2A28A02297007A8DB7 = {
			isa = PBXGroup;
			children = (
				E7947C3528A02297007A8DB7 /* School_TimeTable */,
				E7947C3428A02297007A8DB7 /* Products */,
			);
			sourceTree = "<group>";
		};
		E7947C3428A02297007A8DB7 /* Products */ = {
			isa = PBXGroup;
			children = (
				E7947C3328A02297007A8DB7 /* School_TimeTable.app */,
			);
			name = Products;
			sourceTree = "<group>";
		};
		E7947C3528A02297007A8DB7 /* School_TimeTable */ = {
			isa = PBXGroup;
			children = (
				E7947C3628A02297007A8DB7 /* School_TimeTableApp.swift */,
				E7AF1F1128AA3FB700E7B2AC /* Model */,
				E7AF1F1328AA3FC500E7B2AC /* View */,
				E7AF1F1428AA3FCD00E7B2AC /* ViewModel */,
				E7947C3A28A02298007A8DB7 /* Assets.xcassets */,
				E7947C3C28A02298007A8DB7 /* Preview Content */,
			);
			path = School_TimeTable;
			sourceTree = "<group>";
		};
		E7947C3C28A02298007A8DB7 /* Preview Content */ = {
			isa = PBXGroup;
			children = (
				E7947C3D28A02298007A8DB7 /* Preview Assets.xcassets */,
			);
			path = "Preview Content";
			sourceTree = "<group>";
		};
		E7AF1F1128AA3FB700E7B2AC /* Model */ = {
			isa = PBXGroup;
			children = (
				E7155DD128A6B0A10006610C /* CourseModel.swift */,
			);
			path = Model;
			sourceTree = "<group>";
		};
		E7AF1F1328AA3FC500E7B2AC /* View */ = {
			isa = PBXGroup;
			children = (
				11A112BC28BF1BD300D9229E /* SplashScreenView.swift */,
				11A112BA28BF1ACD00D9229E /* StartView.swift */,
				E7947C3828A02297007A8DB7 /* ContentView.swift */,
				E7155DD328A6B1590006610C /* CourseView.swift */,
				E79663C928A970080045AE44 /* EditingSheetView.swift */,
			);
			path = View;
			sourceTree = "<group>";
		};
		E7AF1F1428AA3FCD00E7B2AC /* ViewModel */ = {
			isa = PBXGroup;
			children = (
				E7155DD528A6B33A0006610C /* CourseViewModel.swift */,
			);
			path = ViewModel;
			sourceTree = "<group>";
		};
/* End PBXGroup section */

/* Begin PBXNativeTarget section */
		E7947C3228A02297007A8DB7 /* School_TimeTable */ = {
			isa = PBXNativeTarget;
			buildConfigurationList = E7947C4128A02298007A8DB7 /* Build configuration list for PBXNativeTarget "School_TimeTable" */;
			buildPhases = (
				E7947C2F28A02297007A8DB7 /* Sources */,
				E7947C3028A02297007A8DB7 /* Frameworks */,
				E7947C3128A02297007A8DB7 /* Resources */,
			);
			buildRules = (
			);
			dependencies = (
			);
			name = School_TimeTable;
			productName = School_TimeTable;
			productReference = E7947C3328A02297007A8DB7 /* School_TimeTable.app */;
			productType = "com.apple.product-type.application";
		};
/* End PBXNativeTarget section */

/* Begin PBXProject section */
		E7947C2B28A02297007A8DB7 /* Project object */ = {
			isa = PBXProject;
			attributes = {
				BuildIndependentTargetsInParallel = 1;
				LastSwiftUpdateCheck = 1340;
				LastUpgradeCheck = 1340;
				TargetAttributes = {
					E7947C3228A02297007A8DB7 = {
						CreatedOnToolsVersion = 13.4.1;
					};
				};
			};
			buildConfigurationList = E7947C2E28A02297007A8DB7 /* Build configuration list for PBXProject "School_TimeTable" */;
			compatibilityVersion = "Xcode 13.0";
			developmentRegion = en;
			hasScannedForEncodings = 0;
			knownRegions = (
				en,
				Base,
			);
			mainGroup = E7947C2A28A02297007A8DB7;
			productRefGroup = E7947C3428A02297007A8DB7 /* Products */;
			projectDirPath = "";
			projectRoot = "";
			targets = (
				E7947C3228A02297007A8DB7 /* School_TimeTable */,
			);
		};
/* End PBXProject section */

/* Begin PBXResourcesBuildPhase section */
		E7947C3128A02297007A8DB7 /* Resources */ = {
			isa = PBXResourcesBuildPhase;
			buildActionMask = 2147483647;
			files = (
				E7947C3E28A02298007A8DB7 /* Preview Assets.xcassets in Resources */,
				E7947C3B28A02298007A8DB7 /* Assets.xcassets in Resources */,
			);
			runOnlyForDeploymentPostprocessing = 0;
		};
/* End PBXResourcesBuildPhase section */

/* Begin PBXSourcesBuildPhase section */
		E7947C2F28A02297007A8DB7 /* Sources */ = {
			isa = PBXSourcesBuildPhase;
			buildActionMask = 2147483647;
			files = (
				E7155DD228A6B0A10006610C /* CourseModel.swift in Sources */,
				E7947C3928A02297007A8DB7 /* ContentView.swift in Sources */,
				E7155DD628A6B33A0006610C /* CourseViewModel.swift in Sources */,
				E79663CA28A970080045AE44 /* EditingSheetView.swift in Sources */,
				E7947C3728A02297007A8DB7 /* School_TimeTableApp.swift in Sources */,
				E7155DD428A6B1590006610C /* CourseView.swift in Sources */,
				11A112BB28BF1ACD00D9229E /* StartView.swift in Sources */,
				11A112BD28BF1BD300D9229E /* SplashScreenView.swift in Sources */,
			);
			runOnlyForDeploymentPostprocessing = 0;
		};
/* End PBXSourcesBuildPhase section */

/* Begin XCBuildConfiguration section */
		E7947C3F28A02298007A8DB7 /* Debug */ = {
			isa = XCBuildConfiguration;
			buildSettings = {
				ALWAYS_SEARCH_USER_PATHS = NO;
				CLANG_ANALYZER_NONNULL = YES;
				CLANG_ANALYZER_NUMBER_OBJECT_CONVERSION = YES_AGGRESSIVE;
				CLANG_CXX_LANGUAGE_STANDARD = "gnu++17";
				CLANG_ENABLE_MODULES = YES;
				CLANG_ENABLE_OBJC_ARC = YES;
				CLANG_ENABLE_OBJC_WEAK = YES;
				CLANG_WARN_BLOCK_CAPTURE_AUTORELEASING = YES;
				CLANG_WARN_BOOL_CONVERSION = YES;
				CLANG_WARN_COMMA = YES;
				CLANG_WARN_CONSTANT_CONVERSION = YES;
				CLANG_WARN_DEPRECATED_OBJC_IMPLEMENTATIONS = YES;
				CLANG_WARN_DIRECT_OBJC_ISA_USAGE = YES_ERROR;
				CLANG_WARN_DOCUMENTATION_COMMENTS = YES;
				CLANG_WARN_EMPTY_BODY = YES;
				CLANG_WARN_ENUM_CONVERSION = YES;
				CLANG_WARN_INFINITE_RECURSION = YES;
				CLANG_WARN_INT_CONVERSION = YES;
				CLANG_WARN_NON_LITERAL_NULL_CONVERSION = YES;
				CLANG_WARN_OBJC_IMPLICIT_RETAIN_SELF = YES;
				CLANG_WARN_OBJC_LITERAL_CONVERSION = YES;
				CLANG_WARN_OBJC_ROOT_CLASS = YES_ERROR;
				CLANG_WARN_QUOTED_INCLUDE_IN_FRAMEWORK_HEADER = YES;
				CLANG_WARN_RANGE_LOOP_ANALYSIS = YES;
				CLANG_WARN_STRICT_PROTOTYPES = YES;
				CLANG_WARN_SUSPICIOUS_MOVE = YES;
				CLANG_WARN_UNGUARDED_AVAILABILITY = YES_AGGRESSIVE;
				CLANG_WARN_UNREACHABLE_CODE = YES;
				CLANG_WARN__DUPLICATE_METHOD_MATCH = YES;
				COPY_PHASE_STRIP = NO;
				DEBUG_INFORMATION_FORMAT = dwarf;
				ENABLE_STRICT_OBJC_MSGSEND = YES;
				ENABLE_TESTABILITY = YES;
				GCC_C_LANGUAGE_STANDARD = gnu11;
				GCC_DYNAMIC_NO_PIC = NO;
				GCC_NO_COMMON_BLOCKS = YES;
				GCC_OPTIMIZATION_LEVEL = 0;
				GCC_PREPROCESSOR_DEFINITIONS = (
					"DEBUG=1",
					"$(inherited)",
				);
				GCC_WARN_64_TO_32_BIT_CONVERSION = YES;
				GCC_WARN_ABOUT_RETURN_TYPE = YES_ERROR;
				GCC_WARN_UNDECLARED_SELECTOR = YES;
				GCC_WARN_UNINITIALIZED_AUTOS = YES_AGGRESSIVE;
				GCC_WARN_UNUSED_FUNCTION = YES;
				GCC_WARN_UNUSED_VARIABLE = YES;
				IPHONEOS_DEPLOYMENT_TARGET = 15.5;
				MTL_ENABLE_DEBUG_INFO = INCLUDE_SOURCE;
				MTL_FAST_MATH = YES;
				ONLY_ACTIVE_ARCH = YES;
				SDKROOT = iphoneos;
				SWIFT_ACTIVE_COMPILATION_CONDITIONS = DEBUG;
				SWIFT_OPTIMIZATION_LEVEL = "-Onone";
			};
			name = Debug;
		};
		E7947C4028A02298007A8DB7 /* Release */ = {
			isa = XCBuildConfiguration;
			buildSettings = {
				ALWAYS_SEARCH_USER_PATHS = NO;
				CLANG_ANALYZER_NONNULL = YES;
				CLANG_ANALYZER_NUMBER_OBJECT_CONVERSION = YES_AGGRESSIVE;
				CLANG_CXX_LANGUAGE_STANDARD = "gnu++17";
				CLANG_ENABLE_MODULES = YES;
				CLANG_ENABLE_OBJC_ARC = YES;
				CLANG_ENABLE_OBJC_WEAK = YES;
				CLANG_WARN_BLOCK_CAPTURE_AUTORELEASING = YES;
				CLANG_WARN_BOOL_CONVERSION = YES;
				CLANG_WARN_COMMA = YES;
				CLANG_WARN_CONSTANT_CONVERSION = YES;
				CLANG_WARN_DEPRECATED_OBJC_IMPLEMENTATIONS = YES;
				CLANG_WARN_DIRECT_OBJC_ISA_USAGE = YES_ERROR;
				CLANG_WARN_DOCUMENTATION_COMMENTS = YES;
				CLANG_WARN_EMPTY_BODY = YES;
				CLANG_WARN_ENUM_CONVERSION = YES;
				CLANG_WARN_INFINITE_RECURSION = YES;
				CLANG_WARN_INT_CONVERSION = YES;
				CLANG_WARN_NON_LITERAL_NULL_CONVERSION = YES;
				CLANG_WARN_OBJC_IMPLICIT_RETAIN_SELF = YES;
				CLANG_WARN_OBJC_LITERAL_CONVERSION = YES;
				CLANG_WARN_OBJC_ROOT_CLASS = YES_ERROR;
				CLANG_WARN_QUOTED_INCLUDE_IN_FRAMEWORK_HEADER = YES;
				CLANG_WARN_RANGE_LOOP_ANALYSIS = YES;
				CLANG_WARN_STRICT_PROTOTYPES = YES;
				CLANG_WARN_SUSPICIOUS_MOVE = YES;
				CLANG_WARN_UNGUARDED_AVAILABILITY = YES_AGGRESSIVE;
				CLANG_WARN_UNREACHABLE_CODE = YES;
				CLANG_WARN__DUPLICATE_METHOD_MATCH = YES;
				COPY_PHASE_STRIP = NO;
				DEBUG_INFORMATION_FORMAT = "dwarf-with-dsym";
				ENABLE_NS_ASSERTIONS = NO;
				ENABLE_STRICT_OBJC_MSGSEND = YES;
				GCC_C_LANGUAGE_STANDARD = gnu11;
				GCC_NO_COMMON_BLOCKS = YES;
				GCC_WARN_64_TO_32_BIT_CONVERSION = YES;
				GCC_WARN_ABOUT_RETURN_TYPE = YES_ERROR;
				GCC_WARN_UNDECLARED_SELECTOR = YES;
				GCC_WARN_UNINITIALIZED_AUTOS = YES_AGGRESSIVE;
				GCC_WARN_UNUSED_FUNCTION = YES;
				GCC_WARN_UNUSED_VARIABLE = YES;
				IPHONEOS_DEPLOYMENT_TARGET = 15.5;
				MTL_ENABLE_DEBUG_INFO = NO;
				MTL_FAST_MATH = YES;
				SDKROOT = iphoneos;
				SWIFT_COMPILATION_MODE = wholemodule;
				SWIFT_OPTIMIZATION_LEVEL = "-O";
				VALIDATE_PRODUCT = YES;
			};
			name = Release;
		};
		E7947C4228A02298007A8DB7 /* Debug */ = {
			isa = XCBuildConfiguration;
			buildSettings = {
				ASSETCATALOG_COMPILER_APPICON_NAME = AppIcon;
				ASSETCATALOG_COMPILER_GLOBAL_ACCENT_COLOR_NAME = AccentColor;
				CODE_SIGN_STYLE = Automatic;
				CURRENT_PROJECT_VERSION = 1;
				DEVELOPMENT_ASSET_PATHS = "\"School_TimeTable/Preview Content\"";
				DEVELOPMENT_TEAM = WTV7G438ZG;
				ENABLE_PREVIEWS = YES;
				GENERATE_INFOPLIST_FILE = YES;
				INFOPLIST_KEY_UIApplicationSceneManifest_Generation = YES;
				INFOPLIST_KEY_UIApplicationSupportsIndirectInputEvents = YES;
				INFOPLIST_KEY_UILaunchScreen_Generation = YES;
				INFOPLIST_KEY_UISupportedInterfaceOrientations_iPad = "UIInterfaceOrientationPortrait UIInterfaceOrientationPortraitUpsideDown UIInterfaceOrientationLandscapeLeft UIInterfaceOrientationLandscapeRight";
				INFOPLIST_KEY_UISupportedInterfaceOrientations_iPhone = "UIInterfaceOrientationPortrait UIInterfaceOrientationLandscapeLeft UIInterfaceOrientationLandscapeRight";
				LD_RUNPATH_SEARCH_PATHS = (
					"$(inherited)",
					"@executable_path/Frameworks",
				);
				MARKETING_VERSION = 1.0;
				PRODUCT_BUNDLE_IDENTIFIER = "poterpan.School-TimeTable";
				PRODUCT_NAME = "$(TARGET_NAME)";
				SWIFT_EMIT_LOC_STRINGS = YES;
				SWIFT_VERSION = 5.0;
				TARGETED_DEVICE_FAMILY = "1,2";
			};
			name = Debug;
		};
		E7947C4328A02298007A8DB7 /* Release */ = {
			isa = XCBuildConfiguration;
			buildSettings = {
				ASSETCATALOG_COMPILER_APPICON_NAME = AppIcon;
				ASSETCATALOG_COMPILER_GLOBAL_ACCENT_COLOR_NAME = AccentColor;
				CODE_SIGN_STYLE = Automatic;
				CURRENT_PROJECT_VERSION = 1;
				DEVELOPMENT_ASSET_PATHS = "\"School_TimeTable/Preview Content\"";
				DEVELOPMENT_TEAM = WTV7G438ZG;
				ENABLE_PREVIEWS = YES;
				GENERATE_INFOPLIST_FILE = YES;
				INFOPLIST_KEY_UIApplicationSceneManifest_Generation = YES;
				INFOPLIST_KEY_UIApplicationSupportsIndirectInputEvents = YES;
				INFOPLIST_KEY_UILaunchScreen_Generation = YES;
				INFOPLIST_KEY_UISupportedInterfaceOrientations_iPad = "UIInterfaceOrientationPortrait UIInterfaceOrientationPortraitUpsideDown UIInterfaceOrientationLandscapeLeft UIInterfaceOrientationLandscapeRight";
				INFOPLIST_KEY_UISupportedInterfaceOrientations_iPhone = "UIInterfaceOrientationPortrait UIInterfaceOrientationLandscapeLeft UIInterfaceOrientationLandscapeRight";
				LD_RUNPATH_SEARCH_PATHS = (
					"$(inherited)",
					"@executable_path/Frameworks",
				);
				MARKETING_VERSION = 1.0;
				PRODUCT_BUNDLE_IDENTIFIER = "poterpan.School-TimeTable";
				PRODUCT_NAME = "$(TARGET_NAME)";
				SWIFT_EMIT_LOC_STRINGS = YES;
				SWIFT_VERSION = 5.0;
				TARGETED_DEVICE_FAMILY = "1,2";
			};
			name = Release;
		};
/* End XCBuildConfiguration section */

/* Begin XCConfigurationList section */
		E7947C2E28A02297007A8DB7 /* Build configuration list for PBXProject "School_TimeTable" */ = {
			isa = XCConfigurationList;
			buildConfigurations = (
				E7947C3F28A02298007A8DB7 /* Debug */,
				E7947C4028A02298007A8DB7 /* Release */,
			);
			defaultConfigurationIsVisible = 0;
			defaultConfigurationName = Release;
		};
		E7947C4128A02298007A8DB7 /* Build configuration list for PBXNativeTarget "School_TimeTable" */ = {
			isa = XCConfigurationList;
			buildConfigurations = (
				E7947C4228A02298007A8DB7 /* Debug */,
				E7947C4328A02298007A8DB7 /* Release */,
			);
			defaultConfigurationIsVisible = 0;
			defaultConfigurationName = Release;
		};
/* End XCConfigurationList section */
	};
	rootObject = E7947C2B28A02297007A8DB7 /* Project object */;
}
